
Microsoft Visual Studio Solution File, Format Version 12.00
# Visual Studio Version 16
VisualStudioVersion = 16.0.31515.178
MinimumVisualStudioVersion = 10.0.40219.1
Project("{9A19103F-16F7-4668-BE54-9A1E7A4F7556}") = "HelloWorldWeb", "HelloWorldWeb\HelloWorldWeb.csproj", "{765F4734-F167-4DCA-BC1C-8178F15A43EF}"
EndProject
Project("{9A19103F-16F7-4668-BE54-9A1E7A4F7556}") = "Hello World", "HelloWorld.Console\Hello World.csproj", "{68BF90DD-AB39-4C63-A4E0-82C938A362BD}"
EndProject
Project("{2150E333-8FDC-42A3-9474-1A3956D46DE8}") = "Solution Items", "Solution Items", "{4C835373-2F19-4CA7-8164-8F5E7CC74F20}"
	ProjectSection(SolutionItems) = preProject
		.editorconfig = .editorconfig
	EndProjectSection
EndProject
Project("{FAE04EC0-301F-11D3-BF4B-00C04F79EFBC}") = "HelloWorldWeb.Tests", "HelloWorldWeb.Tests\HelloWorldWeb.Tests.csproj", "{61542FF3-262D-4612-87C8-B22576385854}"
EndProject
Global
	GlobalSection(SolutionConfigurationPlatforms) = preSolution
		Debug|Any CPU = Debug|Any CPU
		Release|Any CPU = Release|Any CPU
	EndGlobalSection
	GlobalSection(ProjectConfigurationPlatforms) = postSolution
		{765F4734-F167-4DCA-BC1C-8178F15A43EF}.Debug|Any CPU.ActiveCfg = Debug|Any CPU
		{765F4734-F167-4DCA-BC1C-8178F15A43EF}.Debug|Any CPU.Build.0 = Debug|Any CPU
		{765F4734-F167-4DCA-BC1C-8178F15A43EF}.Release|Any CPU.ActiveCfg = Release|Any CPU
		{765F4734-F167-4DCA-BC1C-8178F15A43EF}.Release|Any CPU.Build.0 = Release|Any CPU
		{68BF90DD-AB39-4C63-A4E0-82C938A362BD}.Debug|Any CPU.ActiveCfg = Debug|Any CPU
		{68BF90DD-AB39-4C63-A4E0-82C938A362BD}.Debug|Any CPU.Build.0 = Debug|Any CPU
		{68BF90DD-AB39-4C63-A4E0-82C938A362BD}.Release|Any CPU.ActiveCfg = Release|Any CPU
		{68BF90DD-AB39-4C63-A4E0-82C938A362BD}.Release|Any CPU.Build.0 = Release|Any CPU
		{61542FF3-262D-4612-87C8-B22576385854}.Debug|Any CPU.ActiveCfg = Debug|Any CPU
		{61542FF3-262D-4612-87C8-B22576385854}.Debug|Any CPU.Build.0 = Debug|Any CPU
		{61542FF3-262D-4612-87C8-B22576385854}.Release|Any CPU.ActiveCfg = Release|Any CPU
		{61542FF3-262D-4612-87C8-B22576385854}.Release|Any CPU.Build.0 = Release|Any CPU
	EndGlobalSection
	GlobalSection(SolutionProperties) = preSolution
		HideSolutionNode = FALSE
	EndGlobalSection
	GlobalSection(ExtensibilityGlobals) = postSolution
		SolutionGuid = {48B75F3F-257F-4E15-9557-309C19B51DA0}
	EndGlobalSection
EndGlobal
